// !$*UTF8*$!
{
	archiveVersion = 1;
	classes = {
	};
	objectVersion = 46;
	objects = {

/* Begin PBXBuildFile section */
		E920DE4519BF68CF00D87BAA /* LocationCell.m in Sources */ = {isa = PBXBuildFile; fileRef = E920DE4419BF68CF00D87BAA /* LocationCell.m */; };
		E920DE4719BF8E1200D87BAA /* MapKit.framework in Frameworks */ = {isa = PBXBuildFile; fileRef = E920DE4619BF8E1200D87BAA /* MapKit.framework */; };
		E920DE4B19BF8EF800D87BAA /* MapViewController.m in Sources */ = {isa = PBXBuildFile; fileRef = E920DE4A19BF8EF800D87BAA /* MapViewController.m */; };
		E920DE4F19BFFD3D00D87BAA /* UIImage+Resize.m in Sources */ = {isa = PBXBuildFile; fileRef = E920DE4E19BFFD3D00D87BAA /* UIImage+Resize.m */; };
		E94E14D519B8F375004B01E5 /* Foundation.framework in Frameworks */ = {isa = PBXBuildFile; fileRef = E94E14D419B8F375004B01E5 /* Foundation.framework */; };
		E94E14D719B8F375004B01E5 /* CoreGraphics.framework in Frameworks */ = {isa = PBXBuildFile; fileRef = E94E14D619B8F375004B01E5 /* CoreGraphics.framework */; };
		E94E14D919B8F375004B01E5 /* UIKit.framework in Frameworks */ = {isa = PBXBuildFile; fileRef = E94E14D819B8F375004B01E5 /* UIKit.framework */; };
		E94E14DF19B8F375004B01E5 /* InfoPlist.strings in Resources */ = {isa = PBXBuildFile; fileRef = E94E14DD19B8F375004B01E5 /* InfoPlist.strings */; };
		E94E14E119B8F375004B01E5 /* main.m in Sources */ = {isa = PBXBuildFile; fileRef = E94E14E019B8F375004B01E5 /* main.m */; };
		E94E14E519B8F375004B01E5 /* AppDelegate.m in Sources */ = {isa = PBXBuildFile; fileRef = E94E14E419B8F375004B01E5 /* AppDelegate.m */; };
		E94E14E819B8F375004B01E5 /* Main.storyboard in Resources */ = {isa = PBXBuildFile; fileRef = E94E14E619B8F375004B01E5 /* Main.storyboard */; };
		E94E14EB19B8F375004B01E5 /* CurrentLocationViewController.m in Sources */ = {isa = PBXBuildFile; fileRef = E94E14EA19B8F375004B01E5 /* CurrentLocationViewController.m */; };
		E94E14F019B8F375004B01E5 /* Images.xcassets in Resources */ = {isa = PBXBuildFile; fileRef = E94E14EF19B8F375004B01E5 /* Images.xcassets */; };
		E94E14F719B8F375004B01E5 /* XCTest.framework in Frameworks */ = {isa = PBXBuildFile; fileRef = E94E14F619B8F375004B01E5 /* XCTest.framework */; };
		E94E14F819B8F375004B01E5 /* Foundation.framework in Frameworks */ = {isa = PBXBuildFile; fileRef = E94E14D419B8F375004B01E5 /* Foundation.framework */; };
		E94E14F919B8F375004B01E5 /* UIKit.framework in Frameworks */ = {isa = PBXBuildFile; fileRef = E94E14D819B8F375004B01E5 /* UIKit.framework */; };
		E94E150119B8F375004B01E5 /* InfoPlist.strings in Resources */ = {isa = PBXBuildFile; fileRef = E94E14FF19B8F375004B01E5 /* InfoPlist.strings */; };
		E94E150319B8F375004B01E5 /* MyLocationsTests.m in Sources */ = {isa = PBXBuildFile; fileRef = E94E150219B8F375004B01E5 /* MyLocationsTests.m */; };
		E9620A3B19BE13B000FF702E /* HudView.m in Sources */ = {isa = PBXBuildFile; fileRef = E9620A3A19BE13B000FF702E /* HudView.m */; };
		E9620A3E19BE2CDA00FF702E /* DataModel.xcdatamodeld in Sources */ = {isa = PBXBuildFile; fileRef = E9620A3C19BE2CDA00FF702E /* DataModel.xcdatamodeld */; };
		E9620A4219BE2F7500FF702E /* Location.m in Sources */ = {isa = PBXBuildFile; fileRef = E9620A4119BE2F7500FF702E /* Location.m */; };
		E9620A4619BE4BD100FF702E /* LocationsViewController.m in Sources */ = {isa = PBXBuildFile; fileRef = E9620A4519BE4BD100FF702E /* LocationsViewController.m */; };
		E9A02DCE19B8FF6700570C58 /* CoreLocation.framework in Frameworks */ = {isa = PBXBuildFile; fileRef = E9A02DCD19B8FF6700570C58 /* CoreLocation.framework */; };
		E9CAB18B19C0C9E400E9FEF0 /* CategoryPickerViewController.m in Sources */ = {isa = PBXBuildFile; fileRef = E9CAB18A19C0C9E400E9FEF0 /* CategoryPickerViewController.m */; };
		E9E02D7519C0B9BB007A1C66 /* MyTabBarController.m in Sources */ = {isa = PBXBuildFile; fileRef = E9E02D7419C0B9BB007A1C66 /* MyTabBarController.m */; };
		E9E02D7919C0BA32007A1C66 /* MyNavigationController.m in Sources */ = {isa = PBXBuildFile; fileRef = E9E02D7819C0BA32007A1C66 /* MyNavigationController.m */; };
		E9E35B6B19BA1B8D00848955 /* LocationDetailsViewController.m in Sources */ = {isa = PBXBuildFile; fileRef = E9E35B6A19BA1B8D00848955 /* LocationDetailsViewController.m */; };
/* End PBXBuildFile section */

/* Begin PBXContainerItemProxy section */
		E94E14FA19B8F375004B01E5 /* PBXContainerItemProxy */ = {
			isa = PBXContainerItemProxy;
			containerPortal = E94E14C919B8F375004B01E5 /* Project object */;
			proxyType = 1;
			remoteGlobalIDString = E94E14D019B8F375004B01E5;
			remoteInfo = MyLocations;
		};
/* End PBXContainerItemProxy section */

/* Begin PBXFileReference section */
		E920DE4319BF68CF00D87BAA /* LocationCell.h */ = {isa = PBXFileReference; fileEncoding = 4; lastKnownFileType = sourcecode.c.h; path = LocationCell.h; sourceTree = "<group>"; };
		E920DE4419BF68CF00D87BAA /* LocationCell.m */ = {isa = PBXFileReference; fileEncoding = 4; lastKnownFileType = sourcecode.c.objc; path = LocationCell.m; sourceTree = "<group>"; };
		E920DE4619BF8E1200D87BAA /* MapKit.framework */ = {isa = PBXFileReference; lastKnownFileType = wrapper.framework; name = MapKit.framework; path = System/Library/Frameworks/MapKit.framework; sourceTree = SDKROOT; };
		E920DE4919BF8EF800D87BAA /* MapViewController.h */ = {isa = PBXFileReference; fileEncoding = 4; lastKnownFileType = sourcecode.c.h; path = MapViewController.h; sourceTree = "<group>"; };
		E920DE4A19BF8EF800D87BAA /* MapViewController.m */ = {isa = PBXFileReference; fileEncoding = 4; lastKnownFileType = sourcecode.c.objc; path = MapViewController.m; sourceTree = "<group>"; };
		E920DE4D19BFFD3D00D87BAA /* UIImage+Resize.h */ = {isa = PBXFileReference; fileEncoding = 4; lastKnownFileType = sourcecode.c.h; path = "UIImage+Resize.h"; sourceTree = "<group>"; };
		E920DE4E19BFFD3D00D87BAA /* UIImage+Resize.m */ = {isa = PBXFileReference; fileEncoding = 4; lastKnownFileType = sourcecode.c.objc; path = "UIImage+Resize.m"; sourceTree = "<group>"; };
		E94E14D119B8F375004B01E5 /* MyLocations.app */ = {isa = PBXFileReference; explicitFileType = wrapper.application; includeInIndex = 0; path = MyLocations.app; sourceTree = BUILT_PRODUCTS_DIR; };
		E94E14D419B8F375004B01E5 /* Foundation.framework */ = {isa = PBXFileReference; lastKnownFileType = wrapper.framework; name = Foundation.framework; path = System/Library/Frameworks/Foundation.framework; sourceTree = SDKROOT; };
		E94E14D619B8F375004B01E5 /* CoreGraphics.framework */ = {isa = PBXFileReference; lastKnownFileType = wrapper.framework; name = CoreGraphics.framework; path = System/Library/Frameworks/CoreGraphics.framework; sourceTree = SDKROOT; };
		E94E14D819B8F375004B01E5 /* UIKit.framework */ = {isa = PBXFileReference; lastKnownFileType = wrapper.framework; name = UIKit.framework; path = System/Library/Frameworks/UIKit.framework; sourceTree = SDKROOT; };
		E94E14DC19B8F375004B01E5 /* MyLocations-Info.plist */ = {isa = PBXFileReference; lastKnownFileType = text.plist.xml; path = "MyLocations-Info.plist"; sourceTree = "<group>"; };
		E94E14DE19B8F375004B01E5 /* en */ = {isa = PBXFileReference; lastKnownFileType = text.plist.strings; name = en; path = en.lproj/InfoPlist.strings; sourceTree = "<group>"; };
		E94E14E019B8F375004B01E5 /* main.m */ = {isa = PBXFileReference; lastKnownFileType = sourcecode.c.objc; path = main.m; sourceTree = "<group>"; };
		E94E14E219B8F375004B01E5 /* MyLocations-Prefix.pch */ = {isa = PBXFileReference; lastKnownFileType = sourcecode.c.h; path = "MyLocations-Prefix.pch"; sourceTree = "<group>"; };
		E94E14E319B8F375004B01E5 /* AppDelegate.h */ = {isa = PBXFileReference; lastKnownFileType = sourcecode.c.h; path = AppDelegate.h; sourceTree = "<group>"; };
		E94E14E419B8F375004B01E5 /* AppDelegate.m */ = {isa = PBXFileReference; lastKnownFileType = sourcecode.c.objc; path = AppDelegate.m; sourceTree = "<group>"; };
		E94E14E719B8F375004B01E5 /* Base */ = {isa = PBXFileReference; lastKnownFileType = file.storyboard; name = Base; path = Base.lproj/Main.storyboard; sourceTree = "<group>"; };
		E94E14E919B8F375004B01E5 /* CurrentLocationViewController.h */ = {isa = PBXFileReference; lastKnownFileType = sourcecode.c.h; path = CurrentLocationViewController.h; sourceTree = "<group>"; };
		E94E14EA19B8F375004B01E5 /* CurrentLocationViewController.m */ = {isa = PBXFileReference; lastKnownFileType = sourcecode.c.objc; path = CurrentLocationViewController.m; sourceTree = "<group>"; };
		E94E14EF19B8F375004B01E5 /* Images.xcassets */ = {isa = PBXFileReference; lastKnownFileType = folder.assetcatalog; path = Images.xcassets; sourceTree = "<group>"; };
		E94E14F519B8F375004B01E5 /* MyLocationsTests.xctest */ = {isa = PBXFileReference; explicitFileType = wrapper.cfbundle; includeInIndex = 0; path = MyLocationsTests.xctest; sourceTree = BUILT_PRODUCTS_DIR; };
		E94E14F619B8F375004B01E5 /* XCTest.framework */ = {isa = PBXFileReference; lastKnownFileType = wrapper.framework; name = XCTest.framework; path = Library/Frameworks/XCTest.framework; sourceTree = DEVELOPER_DIR; };
		E94E14FE19B8F375004B01E5 /* MyLocationsTests-Info.plist */ = {isa = PBXFileReference; lastKnownFileType = text.plist.xml; path = "MyLocationsTests-Info.plist"; sourceTree = "<group>"; };
		E94E150019B8F375004B01E5 /* en */ = {isa = PBXFileReference; lastKnownFileType = text.plist.strings; name = en; path = en.lproj/InfoPlist.strings; sourceTree = "<group>"; };
		E94E150219B8F375004B01E5 /* MyLocationsTests.m */ = {isa = PBXFileReference; lastKnownFileType = sourcecode.c.objc; path = MyLocationsTests.m; sourceTree = "<group>"; };
		E9620A3919BE13B000FF702E /* HudView.h */ = {isa = PBXFileReference; fileEncoding = 4; lastKnownFileType = sourcecode.c.h; path = HudView.h; sourceTree = "<group>"; };
		E9620A3A19BE13B000FF702E /* HudView.m */ = {isa = PBXFileReference; fileEncoding = 4; lastKnownFileType = sourcecode.c.objc; path = HudView.m; sourceTree = "<group>"; };
		E9620A3D19BE2CDA00FF702E /* DataModel.xcdatamodel */ = {isa = PBXFileReference; lastKnownFileType = wrapper.xcdatamodel; path = DataModel.xcdatamodel; sourceTree = "<group>"; };
		E9620A4019BE2F7500FF702E /* Location.h */ = {isa = PBXFileReference; fileEncoding = 4; lastKnownFileType = sourcecode.c.h; path = Location.h; sourceTree = "<group>"; };
		E9620A4119BE2F7500FF702E /* Location.m */ = {isa = PBXFileReference; fileEncoding = 4; lastKnownFileType = sourcecode.c.objc; path = Location.m; sourceTree = "<group>"; };
		E9620A4419BE4BD100FF702E /* LocationsViewController.h */ = {isa = PBXFileReference; fileEncoding = 4; lastKnownFileType = sourcecode.c.h; path = LocationsViewController.h; sourceTree = "<group>"; };
		E9620A4519BE4BD100FF702E /* LocationsViewController.m */ = {isa = PBXFileReference; fileEncoding = 4; lastKnownFileType = sourcecode.c.objc; path = LocationsViewController.m; sourceTree = "<group>"; };
		E9A02DCD19B8FF6700570C58 /* CoreLocation.framework */ = {isa = PBXFileReference; lastKnownFileType = wrapper.framework; name = CoreLocation.framework; path = System/Library/Frameworks/CoreLocation.framework; sourceTree = SDKROOT; };
		E9CAB18919C0C9E400E9FEF0 /* CategoryPickerViewController.h */ = {isa = PBXFileReference; fileEncoding = 4; lastKnownFileType = sourcecode.c.h; path = CategoryPickerViewController.h; sourceTree = "<group>"; };
		E9CAB18A19C0C9E400E9FEF0 /* CategoryPickerViewController.m */ = {isa = PBXFileReference; fileEncoding = 4; lastKnownFileType = sourcecode.c.objc; path = CategoryPickerViewController.m; sourceTree = "<group>"; };
		E9E02D7319C0B9BB007A1C66 /* MyTabBarController.h */ = {isa = PBXFileReference; fileEncoding = 4; lastKnownFileType = sourcecode.c.h; path = MyTabBarController.h; sourceTree = "<group>"; };
		E9E02D7419C0B9BB007A1C66 /* MyTabBarController.m */ = {isa = PBXFileReference; fileEncoding = 4; lastKnownFileType = sourcecode.c.objc; path = MyTabBarController.m; sourceTree = "<group>"; };
		E9E02D7719C0BA32007A1C66 /* MyNavigationController.h */ = {isa = PBXFileReference; fileEncoding = 4; lastKnownFileType = sourcecode.c.h; path = MyNavigationController.h; sourceTree = "<group>"; };
		E9E02D7819C0BA32007A1C66 /* MyNavigationController.m */ = {isa = PBXFileReference; fileEncoding = 4; lastKnownFileType = sourcecode.c.objc; path = MyNavigationController.m; sourceTree = "<group>"; };
		E9E35B6919BA1B8D00848955 /* LocationDetailsViewController.h */ = {isa = PBXFileReference; fileEncoding = 4; lastKnownFileType = sourcecode.c.h; path = LocationDetailsViewController.h; sourceTree = "<group>"; };
		E9E35B6A19BA1B8D00848955 /* LocationDetailsViewController.m */ = {isa = PBXFileReference; fileEncoding = 4; lastKnownFileType = sourcecode.c.objc; path = LocationDetailsViewController.m; sourceTree = "<group>"; };
/* End PBXFileReference section */

/* Begin PBXFrameworksBuildPhase section */
		E94E14CE19B8F375004B01E5 /* Frameworks */ = {
			isa = PBXFrameworksBuildPhase;
			buildActionMask = 2147483647;
			files = (
				E920DE4719BF8E1200D87BAA /* MapKit.framework in Frameworks */,
				E9A02DCE19B8FF6700570C58 /* CoreLocation.framework in Frameworks */,
				E94E14D719B8F375004B01E5 /* CoreGraphics.framework in Frameworks */,
				E94E14D919B8F375004B01E5 /* UIKit.framework in Frameworks */,
				E94E14D519B8F375004B01E5 /* Foundation.framework in Frameworks */,
			);
			runOnlyForDeploymentPostprocessing = 0;
		};
		E94E14F219B8F375004B01E5 /* Frameworks */ = {
			isa = PBXFrameworksBuildPhase;
			buildActionMask = 2147483647;
			files = (
				E94E14F719B8F375004B01E5 /* XCTest.framework in Frameworks */,
				E94E14F919B8F375004B01E5 /* UIKit.framework in Frameworks */,
				E94E14F819B8F375004B01E5 /* Foundation.framework in Frameworks */,
			);
			runOnlyForDeploymentPostprocessing = 0;
		};
/* End PBXFrameworksBuildPhase section */

/* Begin PBXGroup section */
		E920DE4219BF68B000D87BAA /* LocationCell */ = {
			isa = PBXGroup;
			children = (
				E920DE4319BF68CF00D87BAA /* LocationCell.h */,
				E920DE4419BF68CF00D87BAA /* LocationCell.m */,
			);
			path = LocationCell;
			sourceTree = "<group>";
		};
		E920DE4819BF8ED800D87BAA /* MapView */ = {
			isa = PBXGroup;
			children = (
				E920DE4919BF8EF800D87BAA /* MapViewController.h */,
				E920DE4A19BF8EF800D87BAA /* MapViewController.m */,
			);
			path = MapView;
			sourceTree = "<group>";
		};
		E920DE4C19BFFD1000D87BAA /* UIImage+Resize */ = {
			isa = PBXGroup;
			children = (
				E920DE4D19BFFD3D00D87BAA /* UIImage+Resize.h */,
				E920DE4E19BFFD3D00D87BAA /* UIImage+Resize.m */,
			);
			path = "UIImage+Resize";
			sourceTree = "<group>";
		};
		E94E14C819B8F375004B01E5 = {
			isa = PBXGroup;
			children = (
				E94E14DA19B8F375004B01E5 /* MyLocations */,
				E94E14FC19B8F375004B01E5 /* MyLocationsTests */,
				E94E14D319B8F375004B01E5 /* Frameworks */,
				E94E14D219B8F375004B01E5 /* Products */,
			);
			sourceTree = "<group>";
		};
		E94E14D219B8F375004B01E5 /* Products */ = {
			isa = PBXGroup;
			children = (
				E94E14D119B8F375004B01E5 /* MyLocations.app */,
				E94E14F519B8F375004B01E5 /* MyLocationsTests.xctest */,
			);
			name = Products;
			sourceTree = "<group>";
		};
		E94E14D319B8F375004B01E5 /* Frameworks */ = {
			isa = PBXGroup;
			children = (
				E920DE4619BF8E1200D87BAA /* MapKit.framework */,
				E9A02DCD19B8FF6700570C58 /* CoreLocation.framework */,
				E94E14D419B8F375004B01E5 /* Foundation.framework */,
				E94E14D619B8F375004B01E5 /* CoreGraphics.framework */,
				E94E14D819B8F375004B01E5 /* UIKit.framework */,
				E94E14F619B8F375004B01E5 /* XCTest.framework */,
			);
			name = Frameworks;
			sourceTree = "<group>";
		};
		E94E14DA19B8F375004B01E5 /* MyLocations */ = {
			isa = PBXGroup;
			children = (
				E94E150F19B8F3D4004B01E5 /* Categories */,
				E94E150E19B8F3CF004B01E5 /* Classes */,
				E94E150D19B8F3BE004B01E5 /* Constants */,
				E94E150C19B8F3B7004B01E5 /* Resources */,
			);
			path = MyLocations;
			sourceTree = "<group>";
		};
		E94E14FC19B8F375004B01E5 /* MyLocationsTests */ = {
			isa = PBXGroup;
			children = (
				E94E150219B8F375004B01E5 /* MyLocationsTests.m */,
				E94E14FD19B8F375004B01E5 /* Supporting Files */,
			);
			path = MyLocationsTests;
			sourceTree = "<group>";
		};
		E94E14FD19B8F375004B01E5 /* Supporting Files */ = {
			isa = PBXGroup;
			children = (
				E94E14FE19B8F375004B01E5 /* MyLocationsTests-Info.plist */,
				E94E14FF19B8F375004B01E5 /* InfoPlist.strings */,
			);
			path = "Supporting Files";
			sourceTree = "<group>";
		};
		E94E150C19B8F3B7004B01E5 /* Resources */ = {
			isa = PBXGroup;
			children = (
				E94E14EF19B8F375004B01E5 /* Images.xcassets */,
				E94E151819B8F43A004B01E5 /* Other-Sources */,
				E94E151719B8F427004B01E5 /* Storyboards */,
			);
			path = Resources;
			sourceTree = "<group>";
		};
		E94E150D19B8F3BE004B01E5 /* Constants */ = {
			isa = PBXGroup;
			children = (
			);
			path = Constants;
			sourceTree = "<group>";
		};
		E94E150E19B8F3CF004B01E5 /* Classes */ = {
			isa = PBXGroup;
			children = (
				E94E151619B8F40D004B01E5 /* Helpers */,
				E94E151519B8F40A004B01E5 /* Views */,
				E94E151419B8F404004B01E5 /* ViewControllers */,
				E94E151319B8F3FE004B01E5 /* Models */,
				E94E151219B8F3F9004B01E5 /* Delegates */,
				E94E151119B8F3E3004B01E5 /* DataSources */,
				E94E151019B8F3DE004B01E5 /* Controllers */,
			);
			path = Classes;
			sourceTree = "<group>";
		};
		E94E150F19B8F3D4004B01E5 /* Categories */ = {
			isa = PBXGroup;
			children = (
				E920DE4C19BFFD1000D87BAA /* UIImage+Resize */,
			);
			path = Categories;
			sourceTree = "<group>";
		};
		E94E151019B8F3DE004B01E5 /* Controllers */ = {
			isa = PBXGroup;
			children = (
			);
			path = Controllers;
			sourceTree = "<group>";
		};
		E94E151119B8F3E3004B01E5 /* DataSources */ = {
			isa = PBXGroup;
			children = (
			);
			path = DataSources;
			sourceTree = "<group>";
		};
		E94E151219B8F3F9004B01E5 /* Delegates */ = {
			isa = PBXGroup;
			children = (
				E94E14E319B8F375004B01E5 /* AppDelegate.h */,
				E94E14E419B8F375004B01E5 /* AppDelegate.m */,
			);
			path = Delegates;
			sourceTree = "<group>";
		};
		E94E151319B8F3FE004B01E5 /* Models */ = {
			isa = PBXGroup;
			children = (
				E9620A3F19BE2F3C00FF702E /* Location */,
			);
			path = Models;
			sourceTree = "<group>";
		};
		E94E151419B8F404004B01E5 /* ViewControllers */ = {
			isa = PBXGroup;
			children = (
				E9E02D7619C0BA19007A1C66 /* MyNavigation */,
				E9E02D7219C0B99A007A1C66 /* MyTabBar */,
				E920DE4819BF8ED800D87BAA /* MapView */,
				E9620A4319BE4BAF00FF702E /* Locations */,
				E9E35B6C19BA35EE00848955 /* CategoryPicker */,
				E9E35B6819BA1B5E00848955 /* LocationDetails */,
				E94E151919B8F490004B01E5 /* CurrentLocation */,
			);
			path = ViewControllers;
			sourceTree = "<group>";
		};
		E94E151519B8F40A004B01E5 /* Views */ = {
			isa = PBXGroup;
			children = (
				E920DE4219BF68B000D87BAA /* LocationCell */,
				E9620A3819BE139400FF702E /* Hud */,
			);
			path = Views;
			sourceTree = "<group>";
		};
		E94E151619B8F40D004B01E5 /* Helpers */ = {
			isa = PBXGroup;
			children = (
			);
			path = Helpers;
			sourceTree = "<group>";
		};
		E94E151719B8F427004B01E5 /* Storyboards */ = {
			isa = PBXGroup;
			children = (
				E94E14E619B8F375004B01E5 /* Main.storyboard */,
			);
			path = Storyboards;
			sourceTree = "<group>";
		};
		E94E151819B8F43A004B01E5 /* Other-Sources */ = {
			isa = PBXGroup;
			children = (
				E9620A3C19BE2CDA00FF702E /* DataModel.xcdatamodeld */,
				E94E14DC19B8F375004B01E5 /* MyLocations-Info.plist */,
				E94E14DD19B8F375004B01E5 /* InfoPlist.strings */,
				E94E14E019B8F375004B01E5 /* main.m */,
				E94E14E219B8F375004B01E5 /* MyLocations-Prefix.pch */,
			);
			path = "Other-Sources";
			sourceTree = "<group>";
		};
		E94E151919B8F490004B01E5 /* CurrentLocation */ = {
			isa = PBXGroup;
			children = (
				E94E14E919B8F375004B01E5 /* CurrentLocationViewController.h */,
				E94E14EA19B8F375004B01E5 /* CurrentLocationViewController.m */,
			);
			path = CurrentLocation;
			sourceTree = "<group>";
		};
		E9620A3819BE139400FF702E /* Hud */ = {
			isa = PBXGroup;
			children = (
				E9620A3919BE13B000FF702E /* HudView.h */,
				E9620A3A19BE13B000FF702E /* HudView.m */,
			);
			path = Hud;
			sourceTree = "<group>";
		};
		E9620A3F19BE2F3C00FF702E /* Location */ = {
			isa = PBXGroup;
			children = (
				E9620A4019BE2F7500FF702E /* Location.h */,
				E9620A4119BE2F7500FF702E /* Location.m */,
			);
			path = Location;
			sourceTree = "<group>";
		};
		E9620A4319BE4BAF00FF702E /* Locations */ = {
			isa = PBXGroup;
			children = (
				E9620A4419BE4BD100FF702E /* LocationsViewController.h */,
				E9620A4519BE4BD100FF702E /* LocationsViewController.m */,
			);
			path = Locations;
			sourceTree = "<group>";
		};
		E9E02D7219C0B99A007A1C66 /* MyTabBar */ = {
			isa = PBXGroup;
			children = (
				E9E02D7319C0B9BB007A1C66 /* MyTabBarController.h */,
				E9E02D7419C0B9BB007A1C66 /* MyTabBarController.m */,
			);
			path = MyTabBar;
			sourceTree = "<group>";
		};
		E9E02D7619C0BA19007A1C66 /* MyNavigation */ = {
			isa = PBXGroup;
			children = (
				E9E02D7719C0BA32007A1C66 /* MyNavigationController.h */,
				E9E02D7819C0BA32007A1C66 /* MyNavigationController.m */,
			);
			path = MyNavigation;
			sourceTree = "<group>";
		};
		E9E35B6819BA1B5E00848955 /* LocationDetails */ = {
			isa = PBXGroup;
			children = (
				E9E35B6919BA1B8D00848955 /* LocationDetailsViewController.h */,
				E9E35B6A19BA1B8D00848955 /* LocationDetailsViewController.m */,
			);
			path = LocationDetails;
			sourceTree = "<group>";
		};
		E9E35B6C19BA35EE00848955 /* CategoryPicker */ = {
			isa = PBXGroup;
			children = (
				E9CAB18919C0C9E400E9FEF0 /* CategoryPickerViewController.h */,
				E9CAB18A19C0C9E400E9FEF0 /* CategoryPickerViewController.m */,
			);
			path = CategoryPicker;
			sourceTree = "<group>";
		};
/* End PBXGroup section */

/* Begin PBXNativeTarget section */
		E94E14D019B8F375004B01E5 /* MyLocations */ = {
			isa = PBXNativeTarget;
			buildConfigurationList = E94E150619B8F375004B01E5 /* Build configuration list for PBXNativeTarget "MyLocations" */;
			buildPhases = (
				E94E14CD19B8F375004B01E5 /* Sources */,
				E94E14CE19B8F375004B01E5 /* Frameworks */,
				E94E14CF19B8F375004B01E5 /* Resources */,
			);
			buildRules = (
			);
			dependencies = (
			);
			name = MyLocations;
			productName = MyLocations;
			productReference = E94E14D119B8F375004B01E5 /* MyLocations.app */;
			productType = "com.apple.product-type.application";
		};
		E94E14F419B8F375004B01E5 /* MyLocationsTests */ = {
			isa = PBXNativeTarget;
			buildConfigurationList = E94E150919B8F375004B01E5 /* Build configuration list for PBXNativeTarget "MyLocationsTests" */;
			buildPhases = (
				E94E14F119B8F375004B01E5 /* Sources */,
				E94E14F219B8F375004B01E5 /* Frameworks */,
				E94E14F319B8F375004B01E5 /* Resources */,
			);
			buildRules = (
			);
			dependencies = (
				E94E14FB19B8F375004B01E5 /* PBXTargetDependency */,
			);
			name = MyLocationsTests;
			productName = MyLocationsTests;
			productReference = E94E14F519B8F375004B01E5 /* MyLocationsTests.xctest */;
			productType = "com.apple.product-type.bundle.unit-test";
		};
/* End PBXNativeTarget section */

/* Begin PBXProject section */
		E94E14C919B8F375004B01E5 /* Project object */ = {
			isa = PBXProject;
			attributes = {
				LastUpgradeCheck = 0510;
				ORGANIZATIONNAME = "Joe Gesualdo";
				TargetAttributes = {
					E94E14F419B8F375004B01E5 = {
						TestTargetID = E94E14D019B8F375004B01E5;
					};
				};
			};
			buildConfigurationList = E94E14CC19B8F375004B01E5 /* Build configuration list for PBXProject "MyLocations" */;
			compatibilityVersion = "Xcode 3.2";
			developmentRegion = English;
			hasScannedForEncodings = 0;
			knownRegions = (
				en,
				Base,
			);
			mainGroup = E94E14C819B8F375004B01E5;
			productRefGroup = E94E14D219B8F375004B01E5 /* Products */;
			projectDirPath = "";
			projectRoot = "";
			targets = (
				E94E14D019B8F375004B01E5 /* MyLocations */,
				E94E14F419B8F375004B01E5 /* MyLocationsTests */,
			);
		};
/* End PBXProject section */

/* Begin PBXResourcesBuildPhase section */
		E94E14CF19B8F375004B01E5 /* Resources */ = {
			isa = PBXResourcesBuildPhase;
			buildActionMask = 2147483647;
			files = (
				E94E14F019B8F375004B01E5 /* Images.xcassets in Resources */,
				E94E14DF19B8F375004B01E5 /* InfoPlist.strings in Resources */,
				E94E14E819B8F375004B01E5 /* Main.storyboard in Resources */,
			);
			runOnlyForDeploymentPostprocessing = 0;
		};
		E94E14F319B8F375004B01E5 /* Resources */ = {
			isa = PBXResourcesBuildPhase;
			buildActionMask = 2147483647;
			files = (
				E94E150119B8F375004B01E5 /* InfoPlist.strings in Resources */,
			);
			runOnlyForDeploymentPostprocessing = 0;
		};
/* End PBXResourcesBuildPhase section */

/* Begin PBXSourcesBuildPhase section */
		E94E14CD19B8F375004B01E5 /* Sources */ = {
			isa = PBXSourcesBuildPhase;
			buildActionMask = 2147483647;
			files = (
				E9620A3E19BE2CDA00FF702E /* DataModel.xcdatamodeld in Sources */,
				E9E02D7919C0BA32007A1C66 /* MyNavigationController.m in Sources */,
				E94E14E519B8F375004B01E5 /* AppDelegate.m in Sources */,
				E920DE4B19BF8EF800D87BAA /* MapViewController.m in Sources */,
				E9E02D7519C0B9BB007A1C66 /* MyTabBarController.m in Sources */,
				E94E14EB19B8F375004B01E5 /* CurrentLocationViewController.m in Sources */,
				E9620A4219BE2F7500FF702E /* Location.m in Sources */,
				E94E14E119B8F375004B01E5 /* main.m in Sources */,
				E9620A3B19BE13B000FF702E /* HudView.m in Sources */,
				E9620A4619BE4BD100FF702E /* LocationsViewController.m in Sources */,
				E9CAB18B19C0C9E400E9FEF0 /* CategoryPickerViewController.m in Sources */,
				E920DE4F19BFFD3D00D87BAA /* UIImage+Resize.m in Sources */,
				E920DE4519BF68CF00D87BAA /* LocationCell.m in Sources */,
				E9E35B6B19BA1B8D00848955 /* LocationDetailsViewController.m in Sources */,
			);
			runOnlyForDeploymentPostprocessing = 0;
		};
		E94E14F119B8F375004B01E5 /* Sources */ = {
			isa = PBXSourcesBuildPhase;
			buildActionMask = 2147483647;
			files = (
				E94E150319B8F375004B01E5 /* MyLocationsTests.m in Sources */,
			);
			runOnlyForDeploymentPostprocessing = 0;
		};
/* End PBXSourcesBuildPhase section */

/* Begin PBXTargetDependency section */
		E94E14FB19B8F375004B01E5 /* PBXTargetDependency */ = {
			isa = PBXTargetDependency;
			target = E94E14D019B8F375004B01E5 /* MyLocations */;
			targetProxy = E94E14FA19B8F375004B01E5 /* PBXContainerItemProxy */;
		};
/* End PBXTargetDependency section */

/* Begin PBXVariantGroup section */
		E94E14DD19B8F375004B01E5 /* InfoPlist.strings */ = {
			isa = PBXVariantGroup;
			children = (
				E94E14DE19B8F375004B01E5 /* en */,
			);
			name = InfoPlist.strings;
			sourceTree = "<group>";
		};
		E94E14E619B8F375004B01E5 /* Main.storyboard */ = {
			isa = PBXVariantGroup;
			children = (
				E94E14E719B8F375004B01E5 /* Base */,
			);
			name = Main.storyboard;
			sourceTree = "<group>";
		};
		E94E14FF19B8F375004B01E5 /* InfoPlist.strings */ = {
			isa = PBXVariantGroup;
			children = (
				E94E150019B8F375004B01E5 /* en */,
			);
			name = InfoPlist.strings;
			sourceTree = "<group>";
		};
/* End PBXVariantGroup section */

/* Begin XCBuildConfiguration section */
		E94E150419B8F375004B01E5 /* Debug */ = {
			isa = XCBuildConfiguration;
			buildSettings = {
				ALWAYS_SEARCH_USER_PATHS = NO;
				CLANG_CXX_LANGUAGE_STANDARD = "gnu++0x";
				CLANG_CXX_LIBRARY = "libc++";
				CLANG_ENABLE_MODULES = YES;
				CLANG_ENABLE_OBJC_ARC = YES;
				CLANG_WARN_BOOL_CONVERSION = YES;
				CLANG_WARN_CONSTANT_CONVERSION = YES;
				CLANG_WARN_DIRECT_OBJC_ISA_USAGE = YES_ERROR;
				CLANG_WARN_EMPTY_BODY = YES;
				CLANG_WARN_ENUM_CONVERSION = YES;
				CLANG_WARN_INT_CONVERSION = YES;
				CLANG_WARN_OBJC_ROOT_CLASS = YES_ERROR;
				CLANG_WARN__DUPLICATE_METHOD_MATCH = YES;
				"CODE_SIGN_IDENTITY[sdk=iphoneos*]" = "iPhone Developer";
				COPY_PHASE_STRIP = NO;
				GCC_C_LANGUAGE_STANDARD = gnu99;
				GCC_DYNAMIC_NO_PIC = NO;
				GCC_OPTIMIZATION_LEVEL = 0;
				GCC_PREPROCESSOR_DEFINITIONS = (
					"DEBUG=1",
					"$(inherited)",
				);
				GCC_SYMBOLS_PRIVATE_EXTERN = NO;
				GCC_WARN_64_TO_32_BIT_CONVERSION = YES;
				GCC_WARN_ABOUT_RETURN_TYPE = YES_ERROR;
				GCC_WARN_UNDECLARED_SELECTOR = YES;
				GCC_WARN_UNINITIALIZED_AUTOS = YES_AGGRESSIVE;
				GCC_WARN_UNUSED_FUNCTION = YES;
				GCC_WARN_UNUSED_VARIABLE = YES;
				IPHONEOS_DEPLOYMENT_TARGET = 7.1;
				ONLY_ACTIVE_ARCH = YES;
				SDKROOT = iphoneos;
			};
			name = Debug;
		};
		E94E150519B8F375004B01E5 /* Release */ = {
			isa = XCBuildConfiguration;
			buildSettings = {
				ALWAYS_SEARCH_USER_PATHS = NO;
				CLANG_CXX_LANGUAGE_STANDARD = "gnu++0x";
				CLANG_CXX_LIBRARY = "libc++";
				CLANG_ENABLE_MODULES = YES;
				CLANG_ENABLE_OBJC_ARC = YES;
				CLANG_WARN_BOOL_CONVERSION = YES;
				CLANG_WARN_CONSTANT_CONVERSION = YES;
				CLANG_WARN_DIRECT_OBJC_ISA_USAGE = YES_ERROR;
				CLANG_WARN_EMPTY_BODY = YES;
				CLANG_WARN_ENUM_CONVERSION = YES;
				CLANG_WARN_INT_CONVERSION = YES;
				CLANG_WARN_OBJC_ROOT_CLASS = YES_ERROR;
				CLANG_WARN__DUPLICATE_METHOD_MATCH = YES;
				"CODE_SIGN_IDENTITY[sdk=iphoneos*]" = "iPhone Developer";
				COPY_PHASE_STRIP = YES;
				ENABLE_NS_ASSERTIONS = NO;
				GCC_C_LANGUAGE_STANDARD = gnu99;
				GCC_WARN_64_TO_32_BIT_CONVERSION = YES;
				GCC_WARN_ABOUT_RETURN_TYPE = YES_ERROR;
				GCC_WARN_UNDECLARED_SELECTOR = YES;
				GCC_WARN_UNINITIALIZED_AUTOS = YES_AGGRESSIVE;
				GCC_WARN_UNUSED_FUNCTION = YES;
				GCC_WARN_UNUSED_VARIABLE = YES;
				IPHONEOS_DEPLOYMENT_TARGET = 7.1;
				SDKROOT = iphoneos;
				VALIDATE_PRODUCT = YES;
			};
			name = Release;
		};
		E94E150719B8F375004B01E5 /* Debug */ = {
			isa = XCBuildConfiguration;
			buildSettings = {
				ASSETCATALOG_COMPILER_APPICON_NAME = AppIcon;
				ASSETCATALOG_COMPILER_LAUNCHIMAGE_NAME = LaunchImage;
				GCC_PRECOMPILE_PREFIX_HEADER = YES;
				GCC_PREFIX_HEADER = "MyLocations/Resources/Other-Sources/MyLocations-Prefix.pch";
				INFOPLIST_FILE = "MyLocations/Resources/Other-Sources/MyLocations-Info.plist";
				PRODUCT_NAME = "$(TARGET_NAME)";
				WRAPPER_EXTENSION = app;
			};
			name = Debug;
		};
		E94E150819B8F375004B01E5 /* Release */ = {
			isa = XCBuildConfiguration;
			buildSettings = {
				ASSETCATALOG_COMPILER_APPICON_NAME = AppIcon;
				ASSETCATALOG_COMPILER_LAUNCHIMAGE_NAME = LaunchImage;
				GCC_PRECOMPILE_PREFIX_HEADER = YES;
				GCC_PREFIX_HEADER = "MyLocations/Resources/Other-Sources/MyLocations-Prefix.pch";
				INFOPLIST_FILE = "MyLocations/Resources/Other-Sources/MyLocations-Info.plist";
				PRODUCT_NAME = "$(TARGET_NAME)";
				WRAPPER_EXTENSION = app;
			};
			name = Release;
		};
		E94E150A19B8F375004B01E5 /* Debug */ = {
			isa = XCBuildConfiguration;
			buildSettings = {
				BUNDLE_LOADER = "$(BUILT_PRODUCTS_DIR)/MyLocations.app/MyLocations";
				FRAMEWORK_SEARCH_PATHS = (
					"$(SDKROOT)/Developer/Library/Frameworks",
					"$(inherited)",
					"$(DEVELOPER_FRAMEWORKS_DIR)",
				);
				GCC_PRECOMPILE_PREFIX_HEADER = YES;
				GCC_PREFIX_HEADER = "MyLocations/Resources/Other-Sources/MyLocations-Prefix.pch";
				GCC_PREPROCESSOR_DEFINITIONS = (
					"DEBUG=1",
					"$(inherited)",
				);
				INFOPLIST_FILE = "MyLocationsTests/Supporting Files/MyLocationsTests-Info.plist";
				PRODUCT_NAME = "$(TARGET_NAME)";
				TEST_HOST = "$(BUNDLE_LOADER)";
				WRAPPER_EXTENSION = xctest;
			};
			name = Debug;
		};
		E94E150B19B8F375004B01E5 /* Release */ = {
			isa = XCBuildConfiguration;
			buildSettings = {
				BUNDLE_LOADER = "$(BUILT_PRODUCTS_DIR)/MyLocations.app/MyLocations";
				FRAMEWORK_SEARCH_PATHS = (
					"$(SDKROOT)/Developer/Library/Frameworks",
					"$(inherited)",
					"$(DEVELOPER_FRAMEWORKS_DIR)",
				);
				GCC_PRECOMPILE_PREFIX_HEADER = YES;
				GCC_PREFIX_HEADER = "MyLocations/Resources/Other-Sources/MyLocations-Prefix.pch";
				INFOPLIST_FILE = "MyLocationsTests/Supporting Files/MyLocationsTests-Info.plist";
				PRODUCT_NAME = "$(TARGET_NAME)";
				TEST_HOST = "$(BUNDLE_LOADER)";
				WRAPPER_EXTENSION = xctest;
			};
			name = Release;
		};
/* End XCBuildConfiguration section */

/* Begin XCConfigurationList section */
		E94E14CC19B8F375004B01E5 /* Build configuration list for PBXProject "MyLocations" */ = {
			isa = XCConfigurationList;
			buildConfigurations = (
				E94E150419B8F375004B01E5 /* Debug */,
				E94E150519B8F375004B01E5 /* Release */,
			);
			defaultConfigurationIsVisible = 0;
			defaultConfigurationName = Release;
		};
		E94E150619B8F375004B01E5 /* Build configuration list for PBXNativeTarget "MyLocations" */ = {
			isa = XCConfigurationList;
			buildConfigurations = (
				E94E150719B8F375004B01E5 /* Debug */,
				E94E150819B8F375004B01E5 /* Release */,
			);
			defaultConfigurationIsVisible = 0;
			defaultConfigurationName = Release;
		};
		E94E150919B8F375004B01E5 /* Build configuration list for PBXNativeTarget "MyLocationsTests" */ = {
			isa = XCConfigurationList;
			buildConfigurations = (
				E94E150A19B8F375004B01E5 /* Debug */,
				E94E150B19B8F375004B01E5 /* Release */,
			);
			defaultConfigurationIsVisible = 0;
			defaultConfigurationName = Release;
		};
/* End XCConfigurationList section */

/* Begin XCVersionGroup section */
		E9620A3C19BE2CDA00FF702E /* DataModel.xcdatamodeld */ = {
			isa = XCVersionGroup;
			children = (
				E9620A3D19BE2CDA00FF702E /* DataModel.xcdatamodel */,
			);
			currentVersion = E9620A3D19BE2CDA00FF702E /* DataModel.xcdatamodel */;
			path = DataModel.xcdatamodeld;
			sourceTree = "<group>";
			versionGroupType = wrapper.xcdatamodel;
		};
/* End XCVersionGroup section */
	};
	rootObject = E94E14C919B8F375004B01E5 /* Project object */;
}
